// !$*UTF8*$!
{
	archiveVersion = 1;
	classes = {
	};
	objectVersion = 48;
	objects = {

/* Begin PBXBuildFile section */
		4EF53C8622C1444C005D410F /* AppDelegate.swift in Sources */ = {isa = PBXBuildFile; fileRef = 4EF53C8522C1444C005D410F /* AppDelegate.swift */; };
		4EF53C8822C1444C005D410F /* ViewController.swift in Sources */ = {isa = PBXBuildFile; fileRef = 4EF53C8722C1444C005D410F /* ViewController.swift */; };
		4EF53C8B22C1444C005D410F /* Main.storyboard in Resources */ = {isa = PBXBuildFile; fileRef = 4EF53C8922C1444C005D410F /* Main.storyboard */; };
		4EF53C8D22C1444C005D410F /* Assets.xcassets in Resources */ = {isa = PBXBuildFile; fileRef = 4EF53C8C22C1444C005D410F /* Assets.xcassets */; };
		4EF53C9022C1444C005D410F /* LaunchScreen.storyboard in Resources */ = {isa = PBXBuildFile; fileRef = 4EF53C8E22C1444C005D410F /* LaunchScreen.storyboard */; };
		4EF53C9B22C1444D005D410F /* BMI1Tests.swift in Sources */ = {isa = PBXBuildFile; fileRef = 4EF53C9A22C1444D005D410F /* BMI1Tests.swift */; };
		4EF53CA622C1444D005D410F /* BMI1UITests.swift in Sources */ = {isa = PBXBuildFile; fileRef = 4EF53CA522C1444D005D410F /* BMI1UITests.swift */; };
/* End PBXBuildFile section */

/* Begin PBXContainerItemProxy section */
		4EF53C9722C1444D005D410F /* PBXContainerItemProxy */ = {
			isa = PBXContainerItemProxy;
			containerPortal = 4EF53C7A22C1444C005D410F /* Project object */;
			proxyType = 1;
			remoteGlobalIDString = 4EF53C8122C1444C005D410F;
			remoteInfo = BMI1;
		};
		4EF53CA222C1444D005D410F /* PBXContainerItemProxy */ = {
			isa = PBXContainerItemProxy;
			containerPortal = 4EF53C7A22C1444C005D410F /* Project object */;
			proxyType = 1;
			remoteGlobalIDString = 4EF53C8122C1444C005D410F;
			remoteInfo = BMI1;
		};
/* End PBXContainerItemProxy section */

/* Begin PBXFileReference section */
		4EF53C8222C1444C005D410F /* BMI1.app */ = {isa = PBXFileReference; explicitFileType = wrapper.application; includeInIndex = 0; path = BMI1.app; sourceTree = BUILT_PRODUCTS_DIR; };
		4EF53C8522C1444C005D410F /* AppDelegate.swift */ = {isa = PBXFileReference; lastKnownFileType = sourcecode.swift; path = AppDelegate.swift; sourceTree = "<group>"; };
		4EF53C8722C1444C005D410F /* ViewController.swift */ = {isa = PBXFileReference; lastKnownFileType = sourcecode.swift; path = ViewController.swift; sourceTree = "<group>"; };
		4EF53C8A22C1444C005D410F /* Base */ = {isa = PBXFileReference; lastKnownFileType = file.storyboard; name = Base; path = Base.lproj/Main.storyboard; sourceTree = "<group>"; };
		4EF53C8C22C1444C005D410F /* Assets.xcassets */ = {isa = PBXFileReference; lastKnownFileType = folder.assetcatalog; path = Assets.xcassets; sourceTree = "<group>"; };
		4EF53C8F22C1444C005D410F /* Base */ = {isa = PBXFileReference; lastKnownFileType = file.storyboard; name = Base; path = Base.lproj/LaunchScreen.storyboard; sourceTree = "<group>"; };
		4EF53C9122C1444C005D410F /* Info.plist */ = {isa = PBXFileReference; lastKnownFileType = text.plist.xml; path = Info.plist; sourceTree = "<group>"; };
		4EF53C9622C1444D005D410F /* BMI1Tests.xctest */ = {isa = PBXFileReference; explicitFileType = wrapper.cfbundle; includeInIndex = 0; path = BMI1Tests.xctest; sourceTree = BUILT_PRODUCTS_DIR; };
		4EF53C9A22C1444D005D410F /* BMI1Tests.swift */ = {isa = PBXFileReference; lastKnownFileType = sourcecode.swift; path = BMI1Tests.swift; sourceTree = "<group>"; };
		4EF53C9C22C1444D005D410F /* Info.plist */ = {isa = PBXFileReference; lastKnownFileType = text.plist.xml; path = Info.plist; sourceTree = "<group>"; };
		4EF53CA122C1444D005D410F /* BMI1UITests.xctest */ = {isa = PBXFileReference; explicitFileType = wrapper.cfbundle; includeInIndex = 0; path = BMI1UITests.xctest; sourceTree = BUILT_PRODUCTS_DIR; };
		4EF53CA522C1444D005D410F /* BMI1UITests.swift */ = {isa = PBXFileReference; lastKnownFileType = sourcecode.swift; path = BMI1UITests.swift; sourceTree = "<group>"; };
		4EF53CA722C1444D005D410F /* Info.plist */ = {isa = PBXFileReference; lastKnownFileType = text.plist.xml; path = Info.plist; sourceTree = "<group>"; };
/* End PBXFileReference section */

/* Begin PBXFrameworksBuildPhase section */
		4EF53C7F22C1444C005D410F /* Frameworks */ = {
			isa = PBXFrameworksBuildPhase;
			buildActionMask = 2147483647;
			files = (
			);
			runOnlyForDeploymentPostprocessing = 0;
		};
		4EF53C9322C1444D005D410F /* Frameworks */ = {
			isa = PBXFrameworksBuildPhase;
			buildActionMask = 2147483647;
			files = (
			);
			runOnlyForDeploymentPostprocessing = 0;
		};
		4EF53C9E22C1444D005D410F /* Frameworks */ = {
			isa = PBXFrameworksBuildPhase;
			buildActionMask = 2147483647;
			files = (
			);
			runOnlyForDeploymentPostprocessing = 0;
		};
/* End PBXFrameworksBuildPhase section */

/* Begin PBXGroup section */
		4EF53C7922C1444C005D410F = {
			isa = PBXGroup;
			children = (
				4EF53C8422C1444C005D410F /* BMI1 */,
				4EF53C9922C1444D005D410F /* BMI1Tests */,
				4EF53CA422C1444D005D410F /* BMI1UITests */,
				4EF53C8322C1444C005D410F /* Products */,
			);
			sourceTree = "<group>";
		};
		4EF53C8322C1444C005D410F /* Products */ = {
			isa = PBXGroup;
			children = (
				4EF53C8222C1444C005D410F /* BMI1.app */,
				4EF53C9622C1444D005D410F /* BMI1Tests.xctest */,
				4EF53CA122C1444D005D410F /* BMI1UITests.xctest */,
			);
			name = Products;
			sourceTree = "<group>";
		};
		4EF53C8422C1444C005D410F /* BMI1 */ = {
			isa = PBXGroup;
			children = (
				4EF53C8522C1444C005D410F /* AppDelegate.swift */,
				4EF53C8722C1444C005D410F /* ViewController.swift */,
				4EF53C8922C1444C005D410F /* Main.storyboard */,
				4EF53C8C22C1444C005D410F /* Assets.xcassets */,
				4EF53C8E22C1444C005D410F /* LaunchScreen.storyboard */,
				4EF53C9122C1444C005D410F /* Info.plist */,
			);
			path = BMI1;
			sourceTree = "<group>";
		};
		4EF53C9922C1444D005D410F /* BMI1Tests */ = {
			isa = PBXGroup;
			children = (
				4EF53C9A22C1444D005D410F /* BMI1Tests.swift */,
				4EF53C9C22C1444D005D410F /* Info.plist */,
			);
			path = BMI1Tests;
			sourceTree = "<group>";
		};
		4EF53CA422C1444D005D410F /* BMI1UITests */ = {
			isa = PBXGroup;
			children = (
				4EF53CA522C1444D005D410F /* BMI1UITests.swift */,
				4EF53CA722C1444D005D410F /* Info.plist */,
			);
			path = BMI1UITests;
			sourceTree = "<group>";
		};
/* End PBXGroup section */

/* Begin PBXNativeTarget section */
		4EF53C8122C1444C005D410F /* BMI1 */ = {
			isa = PBXNativeTarget;
			buildConfigurationList = 4EF53CAA22C1444D005D410F /* Build configuration list for PBXNativeTarget "BMI1" */;
			buildPhases = (
				4EF53C7E22C1444C005D410F /* Sources */,
				4EF53C7F22C1444C005D410F /* Frameworks */,
				4EF53C8022C1444C005D410F /* Resources */,
			);
			buildRules = (
			);
			dependencies = (
			);
			name = BMI1;
			productName = BMI1;
			productReference = 4EF53C8222C1444C005D410F /* BMI1.app */;
			productType = "com.apple.product-type.application";
		};
		4EF53C9522C1444D005D410F /* BMI1Tests */ = {
			isa = PBXNativeTarget;
			buildConfigurationList = 4EF53CAD22C1444D005D410F /* Build configuration list for PBXNativeTarget "BMI1Tests" */;
			buildPhases = (
				4EF53C9222C1444D005D410F /* Sources */,
				4EF53C9322C1444D005D410F /* Frameworks */,
				4EF53C9422C1444D005D410F /* Resources */,
			);
			buildRules = (
			);
			dependencies = (
				4EF53C9822C1444D005D410F /* PBXTargetDependency */,
			);
			name = BMI1Tests;
			productName = BMI1Tests;
			productReference = 4EF53C9622C1444D005D410F /* BMI1Tests.xctest */;
			productType = "com.apple.product-type.bundle.unit-test";
		};
		4EF53CA022C1444D005D410F /* BMI1UITests */ = {
			isa = PBXNativeTarget;
			buildConfigurationList = 4EF53CB022C1444D005D410F /* Build configuration list for PBXNativeTarget "BMI1UITests" */;
			buildPhases = (
				4EF53C9D22C1444D005D410F /* Sources */,
				4EF53C9E22C1444D005D410F /* Frameworks */,
				4EF53C9F22C1444D005D410F /* Resources */,
			);
			buildRules = (
			);
			dependencies = (
				4EF53CA322C1444D005D410F /* PBXTargetDependency */,
			);
			name = BMI1UITests;
			productName = BMI1UITests;
			productReference = 4EF53CA122C1444D005D410F /* BMI1UITests.xctest */;
			productType = "com.apple.product-type.bundle.ui-testing";
		};
/* End PBXNativeTarget section */

/* Begin PBXProject section */
		4EF53C7A22C1444C005D410F /* Project object */ = {
			isa = PBXProject;
			attributes = {
				LastSwiftUpdateCheck = 0920;
				LastUpgradeCheck = 0920;
				ORGANIZATIONNAME = "Céline Duflo";
				TargetAttributes = {
					4EF53C8122C1444C005D410F = {
						CreatedOnToolsVersion = 9.2;
						ProvisioningStyle = Automatic;
					};
					4EF53C9522C1444D005D410F = {
						CreatedOnToolsVersion = 9.2;
						ProvisioningStyle = Automatic;
						TestTargetID = 4EF53C8122C1444C005D410F;
					};
					4EF53CA022C1444D005D410F = {
						CreatedOnToolsVersion = 9.2;
						ProvisioningStyle = Automatic;
						TestTargetID = 4EF53C8122C1444C005D410F;
					};
				};
			};
			buildConfigurationList = 4EF53C7D22C1444C005D410F /* Build configuration list for PBXProject "BMI1" */;
			compatibilityVersion = "Xcode 8.0";
			developmentRegion = en;
			hasScannedForEncodings = 0;
			knownRegions = (
				en,
				Base,
			);
			mainGroup = 4EF53C7922C1444C005D410F;
			productRefGroup = 4EF53C8322C1444C005D410F /* Products */;
			projectDirPath = "";
			projectRoot = "";
			targets = (
				4EF53C8122C1444C005D410F /* BMI1 */,
				4EF53C9522C1444D005D410F /* BMI1Tests */,
				4EF53CA022C1444D005D410F /* BMI1UITests */,
			);
		};
/* End PBXProject section */

/* Begin PBXResourcesBuildPhase section */
		4EF53C8022C1444C005D410F /* Resources */ = {
			isa = PBXResourcesBuildPhase;
			buildActionMask = 2147483647;
			files = (
				4EF53C9022C1444C005D410F /* LaunchScreen.storyboard in Resources */,
				4EF53C8D22C1444C005D410F /* Assets.xcassets in Resources */,
				4EF53C8B22C1444C005D410F /* Main.storyboard in Resources */,
			);
			runOnlyForDeploymentPostprocessing = 0;
		};
		4EF53C9422C1444D005D410F /* Resources */ = {
			isa = PBXResourcesBuildPhase;
			buildActionMask = 2147483647;
			files = (
			);
			runOnlyForDeploymentPostprocessing = 0;
		};
		4EF53C9F22C1444D005D410F /* Resources */ = {
			isa = PBXResourcesBuildPhase;
			buildActionMask = 2147483647;
			files = (
			);
			runOnlyForDeploymentPostprocessing = 0;
		};
/* End PBXResourcesBuildPhase section */

/* Begin PBXSourcesBuildPhase section */
		4EF53C7E22C1444C005D410F /* Sources */ = {
			isa = PBXSourcesBuildPhase;
			buildActionMask = 2147483647;
			files = (
				4EF53C8822C1444C005D410F /* ViewController.swift in Sources */,
				4EF53C8622C1444C005D410F /* AppDelegate.swift in Sources */,
			);
			runOnlyForDeploymentPostprocessing = 0;
		};
		4EF53C9222C1444D005D410F /* Sources */ = {
			isa = PBXSourcesBuildPhase;
			buildActionMask = 2147483647;
			files = (
				4EF53C9B22C1444D005D410F /* BMI1Tests.swift in Sources */,
			);
			runOnlyForDeploymentPostprocessing = 0;
		};
		4EF53C9D22C1444D005D410F /* Sources */ = {
			isa = PBXSourcesBuildPhase;
			buildActionMask = 2147483647;
			files = (
				4EF53CA622C1444D005D410F /* BMI1UITests.swift in Sources */,
			);
			runOnlyForDeploymentPostprocessing = 0;
		};
/* End PBXSourcesBuildPhase section */

/* Begin PBXTargetDependency section */
		4EF53C9822C1444D005D410F /* PBXTargetDependency */ = {
			isa = PBXTargetDependency;
			target = 4EF53C8122C1444C005D410F /* BMI1 */;
			targetProxy = 4EF53C9722C1444D005D410F /* PBXContainerItemProxy */;
		};
		4EF53CA322C1444D005D410F /* PBXTargetDependency */ = {
			isa = PBXTargetDependency;
			target = 4EF53C8122C1444C005D410F /* BMI1 */;
			targetProxy = 4EF53CA222C1444D005D410F /* PBXContainerItemProxy */;
		};
/* End PBXTargetDependency section */

/* Begin PBXVariantGroup section */
		4EF53C8922C1444C005D410F /* Main.storyboard */ = {
			isa = PBXVariantGroup;
			children = (
				4EF53C8A22C1444C005D410F /* Base */,
			);
			name = Main.storyboard;
			sourceTree = "<group>";
		};
		4EF53C8E22C1444C005D410F /* LaunchScreen.storyboard */ = {
			isa = PBXVariantGroup;
			children = (
				4EF53C8F22C1444C005D410F /* Base */,
			);
			name = LaunchScreen.storyboard;
			sourceTree = "<group>";
		};
/* End PBXVariantGroup section */

/* Begin XCBuildConfiguration section */
		4EF53CA822C1444D005D410F /* Debug */ = {
			isa = XCBuildConfiguration;
			buildSettings = {
				ALWAYS_SEARCH_USER_PATHS = NO;
				CLANG_ANALYZER_NONNULL = YES;
				CLANG_ANALYZER_NUMBER_OBJECT_CONVERSION = YES_AGGRESSIVE;
				CLANG_CXX_LANGUAGE_STANDARD = "gnu++14";
				CLANG_CXX_LIBRARY = "libc++";
				CLANG_ENABLE_MODULES = YES;
				CLANG_ENABLE_OBJC_ARC = YES;
				CLANG_WARN_BLOCK_CAPTURE_AUTORELEASING = YES;
				CLANG_WARN_BOOL_CONVERSION = YES;
				CLANG_WARN_COMMA = YES;
				CLANG_WARN_CONSTANT_CONVERSION = YES;
				CLANG_WARN_DIRECT_OBJC_ISA_USAGE = YES_ERROR;
				CLANG_WARN_DOCUMENTATION_COMMENTS = YES;
				CLANG_WARN_EMPTY_BODY = YES;
				CLANG_WARN_ENUM_CONVERSION = YES;
				CLANG_WARN_INFINITE_RECURSION = YES;
				CLANG_WARN_INT_CONVERSION = YES;
				CLANG_WARN_NON_LITERAL_NULL_CONVERSION = YES;
				CLANG_WARN_OBJC_LITERAL_CONVERSION = YES;
				CLANG_WARN_OBJC_ROOT_CLASS = YES_ERROR;
				CLANG_WARN_RANGE_LOOP_ANALYSIS = YES;
				CLANG_WARN_STRICT_PROTOTYPES = YES;
				CLANG_WARN_SUSPICIOUS_MOVE = YES;
				CLANG_WARN_UNGUARDED_AVAILABILITY = YES_AGGRESSIVE;
				CLANG_WARN_UNREACHABLE_CODE = YES;
				CLANG_WARN__DUPLICATE_METHOD_MATCH = YES;
				CODE_SIGN_IDENTITY = "iPhone Developer";
				COPY_PHASE_STRIP = NO;
				DEBUG_INFORMATION_FORMAT = dwarf;
				ENABLE_STRICT_OBJC_MSGSEND = YES;
				ENABLE_TESTABILITY = YES;
				GCC_C_LANGUAGE_STANDARD = gnu11;
				GCC_DYNAMIC_NO_PIC = NO;
				GCC_NO_COMMON_BLOCKS = YES;
				GCC_OPTIMIZATION_LEVEL = 0;
				GCC_PREPROCESSOR_DEFINITIONS = (
					"DEBUG=1",
					"$(inherited)",
				);
				GCC_WARN_64_TO_32_BIT_CONVERSION = YES;
				GCC_WARN_ABOUT_RETURN_TYPE = YES_ERROR;
				GCC_WARN_UNDECLARED_SELECTOR = YES;
				GCC_WARN_UNINITIALIZED_AUTOS = YES_AGGRESSIVE;
				GCC_WARN_UNUSED_FUNCTION = YES;
				GCC_WARN_UNUSED_VARIABLE = YES;
				IPHONEOS_DEPLOYMENT_TARGET = 11.2;
				MTL_ENABLE_DEBUG_INFO = YES;
				ONLY_ACTIVE_ARCH = YES;
				SDKROOT = iphoneos;
				SWIFT_ACTIVE_COMPILATION_CONDITIONS = DEBUG;
				SWIFT_OPTIMIZATION_LEVEL = "-Onone";
			};
			name = Debug;
		};
		4EF53CA922C1444D005D410F /* Release */ = {
			isa = XCBuildConfiguration;
			buildSettings = {
				ALWAYS_SEARCH_USER_PATHS = NO;
				CLANG_ANALYZER_NONNULL = YES;
				CLANG_ANALYZER_NUMBER_OBJECT_CONVERSION = YES_AGGRESSIVE;
				CLANG_CXX_LANGUAGE_STANDARD = "gnu++14";
				CLANG_CXX_LIBRARY = "libc++";
				CLANG_ENABLE_MODULES = YES;
				CLANG_ENABLE_OBJC_ARC = YES;
				CLANG_WARN_BLOCK_CAPTURE_AUTORELEASING = YES;
				CLANG_WARN_BOOL_CONVERSION = YES;
				CLANG_WARN_COMMA = YES;
				CLANG_WARN_CONSTANT_CONVERSION = YES;
				CLANG_WARN_DIRECT_OBJC_ISA_USAGE = YES_ERROR;
				CLANG_WARN_DOCUMENTATION_COMMENTS = YES;
				CLANG_WARN_EMPTY_BODY = YES;
				CLANG_WARN_ENUM_CONVERSION = YES;
				CLANG_WARN_INFINITE_RECURSION = YES;
				CLANG_WARN_INT_CONVERSION = YES;
				CLANG_WARN_NON_LITERAL_NULL_CONVERSION = YES;
				CLANG_WARN_OBJC_LITERAL_CONVERSION = YES;
				CLANG_WARN_OBJC_ROOT_CLASS = YES_ERROR;
				CLANG_WARN_RANGE_LOOP_ANALYSIS = YES;
				CLANG_WARN_STRICT_PROTOTYPES = YES;
				CLANG_WARN_SUSPICIOUS_MOVE = YES;
				CLANG_WARN_UNGUARDED_AVAILABILITY = YES_AGGRESSIVE;
				CLANG_WARN_UNREACHABLE_CODE = YES;
				CLANG_WARN__DUPLICATE_METHOD_MATCH = YES;
				CODE_SIGN_IDENTITY = "iPhone Developer";
				COPY_PHASE_STRIP = NO;
				DEBUG_INFORMATION_FORMAT = "dwarf-with-dsym";
				ENABLE_NS_ASSERTIONS = NO;
				ENABLE_STRICT_OBJC_MSGSEND = YES;
				GCC_C_LANGUAGE_STANDARD = gnu11;
				GCC_NO_COMMON_BLOCKS = YES;
				GCC_WARN_64_TO_32_BIT_CONVERSION = YES;
				GCC_WARN_ABOUT_RETURN_TYPE = YES_ERROR;
				GCC_WARN_UNDECLARED_SELECTOR = YES;
				GCC_WARN_UNINITIALIZED_AUTOS = YES_AGGRESSIVE;
				GCC_WARN_UNUSED_FUNCTION = YES;
				GCC_WARN_UNUSED_VARIABLE = YES;
				IPHONEOS_DEPLOYMENT_TARGET = 11.2;
				MTL_ENABLE_DEBUG_INFO = NO;
				SDKROOT = iphoneos;
				SWIFT_OPTIMIZATION_LEVEL = "-Owholemodule";
				VALIDATE_PRODUCT = YES;
			};
			name = Release;
		};
		4EF53CAB22C1444D005D410F /* Debug */ = {
			isa = XCBuildConfiguration;
			buildSettings = {
				ASSETCATALOG_COMPILER_APPICON_NAME = AppIcon;
				CODE_SIGN_STYLE = Automatic;
				INFOPLIST_FILE = BMI1/Info.plist;
				LD_RUNPATH_SEARCH_PATHS = "$(inherited) @executable_path/Frameworks";
				PRODUCT_BUNDLE_IDENTIFIER = example.BMI1;
				PRODUCT_NAME = "$(TARGET_NAME)";
				SWIFT_VERSION = 4.0;
				TARGETED_DEVICE_FAMILY = "1,2";
			};
			name = Debug;
		};
		4EF53CAC22C1444D005D410F /* Release */ = {
			isa = XCBuildConfiguration;
			buildSettings = {
				ASSETCATALOG_COMPILER_APPICON_NAME = AppIcon;
				CODE_SIGN_STYLE = Automatic;
				INFOPLIST_FILE = BMI1/Info.plist;
				LD_RUNPATH_SEARCH_PATHS = "$(inherited) @executable_path/Frameworks";
				PRODUCT_BUNDLE_IDENTIFIER = example.BMI1;
				PRODUCT_NAME = "$(TARGET_NAME)";
				SWIFT_VERSION = 4.0;
				TARGETED_DEVICE_FAMILY = "1,2";
			};
			name = Release;
		};
		4EF53CAE22C1444D005D410F /* Debug */ = {
			isa = XCBuildConfiguration;
			buildSettings = {
				ALWAYS_EMBED_SWIFT_STANDARD_LIBRARIES = YES;
				BUNDLE_LOADER = "$(TEST_HOST)";
				CODE_SIGN_STYLE = Automatic;
				INFOPLIST_FILE = BMI1Tests/Info.plist;
				LD_RUNPATH_SEARCH_PATHS = "$(inherited) @executable_path/Frameworks @loader_path/Frameworks";
				PRODUCT_BUNDLE_IDENTIFIER = example.BMI1Tests;
				PRODUCT_NAME = "$(TARGET_NAME)";
				SWIFT_VERSION = 4.0;
				TARGETED_DEVICE_FAMILY = "1,2";
				TEST_HOST = "$(BUILT_PRODUCTS_DIR)/BMI1.app/BMI1";
			};
			name = Debug;
		};
		4EF53CAF22C1444D005D410F /* Release */ = {
			isa = XCBuildConfiguration;
			buildSettings = {
				ALWAYS_EMBED_SWIFT_STANDARD_LIBRARIES = YES;
				BUNDLE_LOADER = "$(TEST_HOST)";
				CODE_SIGN_STYLE = Automatic;
				INFOPLIST_FILE = BMI1Tests/Info.plist;
				LD_RUNPATH_SEARCH_PATHS = "$(inherited) @executable_path/Frameworks @loader_path/Frameworks";
				PRODUCT_BUNDLE_IDENTIFIER = example.BMI1Tests;
				PRODUCT_NAME = "$(TARGET_NAME)";
				SWIFT_VERSION = 4.0;
				TARGETED_DEVICE_FAMILY = "1,2";
				TEST_HOST = "$(BUILT_PRODUCTS_DIR)/BMI1.app/BMI1";
			};
			name = Release;
		};
		4EF53CB122C1444D005D410F /* Debug */ = {
			isa = XCBuildConfiguration;
			buildSettings = {
				ALWAYS_EMBED_SWIFT_STANDARD_LIBRARIES = YES;
				CODE_SIGN_STYLE = Automatic;
				INFOPLIST_FILE = BMI1UITests/Info.plist;
				LD_RUNPATH_SEARCH_PATHS = "$(inherited) @executable_path/Frameworks @loader_path/Frameworks";
				PRODUCT_BUNDLE_IDENTIFIER = example.BMI1UITests;
				PRODUCT_NAME = "$(TARGET_NAME)";
				SWIFT_VERSION = 4.0;
				TARGETED_DEVICE_FAMILY = "1,2";
				TEST_TARGET_NAME = BMI1;
			};
			name = Debug;
		};
		4EF53CB222C1444D005D410F /* Release */ = {
			isa = XCBuildConfiguration;
			buildSettings = {
				ALWAYS_EMBED_SWIFT_STANDARD_LIBRARIES = YES;
				CODE_SIGN_STYLE = Automatic;
				INFOPLIST_FILE = BMI1UITests/Info.plist;
				LD_RUNPATH_SEARCH_PATHS = "$(inherited) @executable_path/Frameworks @loader_path/Frameworks";
				PRODUCT_BUNDLE_IDENTIFIER = example.BMI1UITests;
				PRODUCT_NAME = "$(TARGET_NAME)";
				SWIFT_VERSION = 4.0;
				TARGETED_DEVICE_FAMILY = "1,2";
				TEST_TARGET_NAME = BMI1;
			};
			name = Release;
		};
/* End XCBuildConfiguration section */

/* Begin XCConfigurationList section */
		4EF53C7D22C1444C005D410F /* Build configuration list for PBXProject "BMI1" */ = {
			isa = XCConfigurationList;
			buildConfigurations = (
				4EF53CA822C1444D005D410F /* Debug */,
				4EF53CA922C1444D005D410F /* Release */,
			);
			defaultConfigurationIsVisible = 0;
			defaultConfigurationName = Release;
		};
		4EF53CAA22C1444D005D410F /* Build configuration list for PBXNativeTarget "BMI1" */ = {
			isa = XCConfigurationList;
			buildConfigurations = (
				4EF53CAB22C1444D005D410F /* Debug */,
				4EF53CAC22C1444D005D410F /* Release */,
			);
			defaultConfigurationIsVisible = 0;
			defaultConfigurationName = Release;
		};
		4EF53CAD22C1444D005D410F /* Build configuration list for PBXNativeTarget "BMI1Tests" */ = {
			isa = XCConfigurationList;
			buildConfigurations = (
				4EF53CAE22C1444D005D410F /* Debug */,
				4EF53CAF22C1444D005D410F /* Release */,
			);
			defaultConfigurationIsVisible = 0;
			defaultConfigurationName = Release;
		};
		4EF53CB022C1444D005D410F /* Build configuration list for PBXNativeTarget "BMI1UITests" */ = {
			isa = XCConfigurationList;
			buildConfigurations = (
				4EF53CB122C1444D005D410F /* Debug */,
				4EF53CB222C1444D005D410F /* Release */,
			);
			defaultConfigurationIsVisible = 0;
			defaultConfigurationName = Release;
		};
/* End XCConfigurationList section */
	};
	rootObject = 4EF53C7A22C1444C005D410F /* Project object */;
}
